
Microsoft Visual Studio Solution File, Format Version 12.00
# Visual Studio 15
VisualStudioVersion = 15.0.28307.902
MinimumVisualStudioVersion = 10.0.40219.1
Project("{FAE04EC0-301F-11D3-BF4B-00C04F79EFBC}") = "Microbitus", "Microbitus\Microbitus.csproj", "{AD55D0A8-07C5-4123-988A-D1389E9E3C96}"
EndProject
Global
	GlobalSection(SolutionConfigurationPlatforms) = preSolution
		Debug|Any CPU = Debug|Any CPU
		Release|Any CPU = Release|Any CPU
	EndGlobalSection
	GlobalSection(ProjectConfigurationPlatforms) = postSolution
		{AD55D0A8-07C5-4123-988A-D1389E9E3C96}.Debug|Any CPU.ActiveCfg = Debug|Any CPU
		{AD55D0A8-07C5-4123-988A-D1389E9E3C96}.Debug|Any CPU.Build.0 = Debug|Any CPU
		{AD55D0A8-07C5-4123-988A-D1389E9E3C96}.Release|Any CPU.ActiveCfg = Release|Any CPU
		{AD55D0A8-07C5-4123-988A-D1389E9E3C96}.Release|Any CPU.Build.0 = Release|Any CPU
	EndGlobalSection
	GlobalSection(SolutionProperties) = preSolution
		HideSolutionNode = FALSE
	EndGlobalSection
	GlobalSection(ExtensibilityGlobals) = postSolution
		SolutionGuid = {B5B86925-7EB5-4827-BEE5-9293D544C67F}
	EndGlobalSection
EndGlobal
